{
    "name": "capslockx",
    "version": "1.14.3",
    "lockfileVersion": 2,
    "requires": true,
    "packages": {
        "": {
            "name": "capslockx",
            "version": "1.14.3",
            "license": "GPL-3.0-or-later",
            "bin": {
                "capslockx": "CapsLockX.exe"
            },
            "devDependencies": {
                "xml": "^1.0.1"
            }
        },
        "node_modules/xml": {
            "version": "1.0.1",
            "resolved": "https://registry.npmjs.org/xml/-/xml-1.0.1.tgz",
            "integrity": "sha1-eLpyAgApxbyHuKgaPPzXS0ovweU=",
            "dev": true
        }
    },
    "dependencies": {
        "xml": {
            "version": "1.0.1",
            "resolved": "https://registry.npmjs.org/xml/-/xml-1.0.1.tgz",
            "integrity": "sha1-eLpyAgApxbyHuKgaPPzXS0ovweU=",
            "dev": true
        }
    }
}
