github.com/BurntSushi/freetype-go v0.0.0-20160129220410-b763ddbfe298/go.mod h1:D+QujdIlUNfa0igpNMk6UIvlb6C252URs4yupRUV4lQ=
github.com/BurntSushi/graphics-go v0.0.0-20160129215708-b43f31a4a966/go.mod h1:Mid70uvE93zn9wgF92A/r5ixgnvX8Lh68fxp9KQBaI0=
github.com/StackExchange/wmi v1.2.1 h1:VIkavFPXSjcnS+O8yTq7NI32k0R5Aj+v39y29VYDOSA=
github.com/StackExchange/wmi v1.2.1/go.mod h1:rcmrprowKIVzvc+NUiLncP2uuArMWLCbu9SBzvHz7e8=
github.com/andybrewer/mack v0.0.0-20220307193339-22e922cc18af h1:PNE0xdyuLeOTujftqZs8DlhDoi+T54ONZhiGOxH5t2A=
github.com/andybrewer/mack v0.0.0-20220307193339-22e922cc18af/go.mod h1:oUO968BJnuljnB5tntrY3w3zDfI5/PqnQ+RuiZ8aFhk=
github.com/davecgh/go-spew v1.1.1 h1:vj9j/u1bqnvCEfJOwUhtlOARqs3+rkHYY13jYWTU97c=
github.com/go-ole/go-ole v1.2.5/go.mod h1:pprOEPIfldk/42T2oK7lQ4v4JSDwmV0As9GaiUsvbm0=
github.com/go-ole/go-ole v1.2.6 h1:/Fpf6oFPoeFik9ty7siob0G6Ke8QvQEuVcuChpwXzpY=
github.com/go-ole/go-ole v1.2.6/go.mod h1:pprOEPIfldk/42T2oK7lQ4v4JSDwmV0As9GaiUsvbm0=
github.com/go-vgo/robotgo v0.100.10 h1:bZe7AslG6oq5ops1SWUxsPfM9Z3QQvlqfA3ezxLFNO4=
github.com/go-vgo/robotgo v0.100.10/go.mod h1:7QeIpSHX7bjeXWRPxvQeKSx9mHI+3l80Ahq+CQF0C68=
github.com/lxn/win v0.0.0-20210218163916-a377121e959e h1:H+t6A/QJMbhCSEH5rAuRxh+CtW96g0Or0Fxa9IKr4uc=
github.com/lxn/win v0.0.0-20210218163916-a377121e959e/go.mod h1:KxxjdtRkfNoYDCUP5ryK7XJJNTnpC8atvtmTheChOtk=
github.com/otiai10/gosseract v2.2.1+incompatible h1:Ry5ltVdpdp4LAa2bMjsSJH34XHVOV7XMi41HtzL8X2I=
github.com/otiai10/gosseract v2.2.1+incompatible/go.mod h1:XrzWItCzCpFRZ35n3YtVTgq5bLAhFIkascoRo8G32QE=
github.com/otiai10/mint v1.3.0 h1:Ady6MKVezQwHBkGzLFbrsywyp09Ah7rkmfjV3Bcr5uc=
github.com/pmezard/go-difflib v1.0.0 h1:4DBwDE0NGyQoBHbLQYPwSUPoCMWR5BEzIk/f1lZbAQM=
github.com/robotn/gohook v0.31.3 h1:kGX8iukJ9ensVRwRKnTtdojAMQOpa6KFnXDi4OA4RaI=
github.com/robotn/gohook v0.31.3/go.mod h1:wyGik0yb4iwCfJjDprtNkTyxkgQWuKoVPQ3hkz6+6js=
github.com/robotn/xgb v0.0.0-20190912153532-2cb92d044934 h1:2lhSR8N3T6I30q096DT7/5AKEIcf1vvnnWAmS0wfnNY=
github.com/robotn/xgb v0.0.0-20190912153532-2cb92d044934/go.mod h1:SxQhJskUJ4rleVU44YvnrdvxQr0tKy5SRSigBrCgyyQ=
github.com/robotn/xgbutil v0.0.0-20190912154524-c861d6f87770 h1:2uX8QRLkkxn2EpAQ6I3KhA79BkdRZfvugJUzJadiJwk=
github.com/robotn/xgbutil v0.0.0-20190912154524-c861d6f87770/go.mod h1:svkDXUDQjUiWzLrA0OZgHc4lbOts3C+uRfP6/yjwYnU=
github.com/shirou/gopsutil v3.21.10+incompatible h1:AL2kpVykjkqeN+MFe1WcwSBVUjGjvdU8/ubvCuXAjrU=
github.com/shirou/gopsutil v3.21.10+incompatible/go.mod h1:5b4v6he4MtMOwMlS0TUMTu2PcXUg8+E1lC7eC3UO/RA=
github.com/stretchr/testify v1.6.1 h1:hDPOHmpOpP40lSULcqw7IrRb/u7w6RpDC9399XyoNd0=
github.com/tklauser/go-sysconf v0.3.9 h1:JeUVdAOWhhxVcU6Eqr/ATFHgXk/mmiItdKeJPev3vTo=
github.com/tklauser/go-sysconf v0.3.9/go.mod h1:11DU/5sG7UexIrp/O6g35hrWzu0JxlwQ3LSFUzyeuhs=
github.com/tklauser/numcpus v0.3.0 h1:ILuRUQBtssgnxw0XXIjKUC56fgnOrFoQQ/4+DeU2biQ=
github.com/tklauser/numcpus v0.3.0/go.mod h1:yFGUr7TUHQRAhyqBcEg0Ge34zDBAsIvJJcyE6boqnA8=
github.com/vcaesar/gops v0.21.3 h1:VR7amkxVv9CQfsotkXrmMyT19dVuNTa1PM/oopJeIc0=
github.com/vcaesar/gops v0.21.3/go.mod h1:3e2EnlZTI9/44bqzRwkeZ3s0ZQwK2Cn4QPLx8Ii8Agk=
github.com/vcaesar/imgo v0.30.0 h1:ODQVX0EFJEh+WkKahCBtE0SqcDCIjl/kjiOplR0Ouh8=
github.com/vcaesar/imgo v0.30.0/go.mod h1:8TGnt5hjaMgwDByvMFIzUDSh5uSea4n1tAbSvnhvA6U=
github.com/vcaesar/keycode v0.10.0 h1:Qx5QE8ZXHyRyjoA2QOxBp25OKMKB+zxMVqm0FWGV0d4=
github.com/vcaesar/keycode v0.10.0/go.mod h1:JNlY7xbKsh+LAGfY2j4M3znVrGEm5W1R8s/Uv6BJcfQ=
github.com/vcaesar/tt v0.20.0 h1:9t2Ycb9RNHcP0WgQgIaRKJBB+FrRdejuaL6uWIHuoBA=
github.com/vcaesar/tt v0.20.0/go.mod h1:GHPxQYhn+7OgKakRusH7KJ0M5MhywoeLb8Fcffs/Gtg=
github.com/yuin/goldmark v1.4.13/go.mod h1:6yULJ656Px+3vBD8DxQVa3kxgyrAnzto9xy5taEt/CY=
golang.design/x/hotkey v0.4.0 h1:jmY6QJdakEdYn0KBm48IZRw3emBpDXRhIWUHqPVsWBY=
golang.design/x/hotkey v0.4.0/go.mod h1:M8SGcwFYHnKRa83FpTFQoZvPO5vVT+kWPztFqTQKmXA=
golang.design/x/mainthread v0.3.0 h1:UwFus0lcPodNpMOGoQMe87jSFwbSsEY//CA7yVmu4j8=
golang.design/x/mainthread v0.3.0/go.mod h1:vYX7cF2b3pTJMGM/hc13NmN6kblKnf4/IyvHeu259L0=
golang.org/x/crypto v0.0.0-20190308221718-c2843e01d9a2/go.mod h1:djNgcEr1/C05ACkg1iLfiJU5Ep61QUkGW8qpdssI0+w=
golang.org/x/crypto v0.0.0-20210921155107-089bfa567519/go.mod h1:GvvjBRRGRdwPK5ydBHafDWAxML/pGHZbMvKqRZ5+Abc=
golang.org/x/image v0.0.0-20210628002857-a66eb6448b8d/go.mod h1:023OzeP/+EPmXeapQh35lcL3II3LrY8Ic+EFFKVhULM=
golang.org/x/image v0.10.0 h1:gXjUUtwtx5yOE0VKWq1CH4IJAClq4UGgUA3i+rpON9M=
golang.org/x/image v0.10.0/go.mod h1:jtrku+n79PfroUbvDdeUWMAI+heR786BofxrbiSF+J0=
golang.org/x/mod v0.6.0-dev.0.20220419223038-86c51ed26bb4/go.mod h1:jJ57K6gSWd91VN4djpZkiMVwK6gcyfeH4XE8wZrZaV4=
golang.org/x/mod v0.8.0/go.mod h1:iBbtSCu2XBx23ZKBPSOrRkjjQPZFPuis4dIYUhu/chs=
golang.org/x/net v0.0.0-20190620200207-3b0461eec859/go.mod h1:z5CRVTTTmAJ677TzLLGU+0bjPO0LkuOLi4/5GtJWs/s=
golang.org/x/net v0.0.0-20210226172049-e18ecbb05110/go.mod h1:m0MpNAwzfU5UDzcl9v0D8zg8gWTRqZa9RBIspLL5mdg=
golang.org/x/net v0.0.0-20220722155237-a158d28d115b/go.mod h1:XRhObCWvk6IyKnWLug+ECip1KBveYUHfp+8e9klMJ9c=
golang.org/x/net v0.6.0 h1:L4ZwwTvKW9gr0ZMS1yrHD9GZhIuVjOBBnaKH+SPQK0Q=
golang.org/x/net v0.6.0/go.mod h1:2Tu9+aMcznHK/AK1HMvgo6xiTLG5rD5rZLDS+rp2Bjs=
golang.org/x/sync v0.0.0-20190423024810-112230192c58/go.mod h1:RxMgew5VJxzue5/jJTE5uejpjVlOe/izrB70Jof72aM=
golang.org/x/sync v0.0.0-20220722155255-886fb9371eb4/go.mod h1:RxMgew5VJxzue5/jJTE5uejpjVlOe/izrB70Jof72aM=
golang.org/x/sync v0.1.0/go.mod h1:RxMgew5VJxzue5/jJTE5uejpjVlOe/izrB70Jof72aM=
golang.org/x/sys v0.0.0-20190215142949-d0b11bdaac8a/go.mod h1:STP8DvDyc/dI5b8T5hshtkjS+E42TnysNCUPdjciGhY=
golang.org/x/sys v0.0.0-20190916202348-b4ddaad3f8a3/go.mod h1:h1NjWce9XRLGQEsW7wpKNCjG9DtNlClVuFLEZdDNbEs=
golang.org/x/sys v0.0.0-20201018230417-eeed37f84f13/go.mod h1:h1NjWce9XRLGQEsW7wpKNCjG9DtNlClVuFLEZdDNbEs=
golang.org/x/sys v0.0.0-20201022201747-fb209a7c41cd/go.mod h1:h1NjWce9XRLGQEsW7wpKNCjG9DtNlClVuFLEZdDNbEs=
golang.org/x/sys v0.0.0-20201119102817-f84b799fce68/go.mod h1:h1NjWce9XRLGQEsW7wpKNCjG9DtNlClVuFLEZdDNbEs=
golang.org/x/sys v0.0.0-20210615035016-665e8c7367d1/go.mod h1:oPkhp1MJrh7nUepCBck5+mAzfO9JrbApNNgaTdGDITg=
golang.org/x/sys v0.0.0-20210816074244-15123e1e1f71/go.mod h1:oPkhp1MJrh7nUepCBck5+mAzfO9JrbApNNgaTdGDITg=
golang.org/x/sys v0.0.0-20220520151302-bc2c85ada10a/go.mod h1:oPkhp1MJrh7nUepCBck5+mAzfO9JrbApNNgaTdGDITg=
golang.org/x/sys v0.0.0-20220722155257-8c9f86f7a55f/go.mod h1:oPkhp1MJrh7nUepCBck5+mAzfO9JrbApNNgaTdGDITg=
golang.org/x/sys v0.5.0 h1:MUK/U/4lj1t1oPg0HfuXDN/Z1wv31ZJ/YcPiGccS4DU=
golang.org/x/sys v0.5.0/go.mod h1:oPkhp1MJrh7nUepCBck5+mAzfO9JrbApNNgaTdGDITg=
golang.org/x/term v0.0.0-20201126162022-7de9c90e9dd1/go.mod h1:bj7SfCRtBDWHUb9snDiAeCFNEtKQo2Wmx5Cou7ajbmo=
golang.org/x/term v0.0.0-20210927222741-03fcf44c2211/go.mod h1:jbD1KX2456YbFQfuXm/mYQcufACuNUgVhRMnK/tPxf8=
golang.org/x/term v0.5.0/go.mod h1:jMB1sMXY+tzblOD4FWmEbocvup2/aLOaQEp7JmGp78k=
golang.org/x/text v0.3.0/go.mod h1:NqM8EUOU14njkJ3fqMW+pc6Ldnwhi/IjpwHt7yyuwOQ=
golang.org/x/text v0.3.3/go.mod h1:5Zoc/QRtKVWzQhOtBMvqHzDpF6irO9z98xDceosuGiQ=
golang.org/x/text v0.3.6/go.mod h1:5Zoc/QRtKVWzQhOtBMvqHzDpF6irO9z98xDceosuGiQ=
golang.org/x/text v0.3.7/go.mod h1:u+2+/6zg+i71rQMx5EYifcz6MCKuco9NR6JIITiCfzQ=
golang.org/x/text v0.7.0/go.mod h1:mrYo+phRRbMaCq/xk9113O4dZlRixOauAjOtrjsXDZ8=
golang.org/x/text v0.11.0/go.mod h1:TvPlkZtksWOMsz7fbANvkp4WM8x/WCo/om8BMLbz+aE=
golang.org/x/tools v0.0.0-20180917221912-90fa682c2a6e/go.mod h1:n7NCudcB/nEzxVGmLbDWY5pfWTLqBcC2KZ6jyYvM4mQ=
golang.org/x/tools v0.0.0-20191119224855-298f0cb1881e/go.mod h1:b+2E5dAYhXwXZwtnZ6UAqBI28+e2cm9otk0dWdXHAEo=
golang.org/x/tools v0.1.12/go.mod h1:hNGJHUnrk76NpqgfD5Aqm5Crs+Hm0VOH/i9J2+nxYbc=
golang.org/x/tools v0.6.0/go.mod h1:Xwgl3UAJ/d3gWutnCtw505GrjyAbvKui8lOU390QaIU=
golang.org/x/xerrors v0.0.0-20190717185122-a985d3407aa7/go.mod h1:I/5z698sn9Ka8TeJc9MKroUUfqBBauWjQqLJ2OPfmY0=
gopkg.in/yaml.v3 v3.0.0-20210107192922-496545a6307b h1:h8qDotaEPuJATrMmW04NCwg7v22aHH28wwpauUhK9Oo=
